<?xml version="1.0" encoding="UTF-8"?>
<Scheme
   LastUpgradeVersion = "1620"
   version = "1.3">
   <BuildAction
      parallelizeBuildables = "YES"
      buildImplicitDependencies = "YES">
      <BuildActionEntries>
         <BuildActionEntry
            buildForTesting = "YES"
            buildForRunning = "YES"
            buildForProfiling = "YES"
            buildForArchiving = "YES"
            buildForAnalyzing = "YES">
            <BuildableReference
               BuildableIdentifier = "primary"
               BlueprintIdentifier = "3DB11E49299543D9001DDB02"
               BuildableName = "RoboNexus.app"
               BlueprintName = "RoboNexus"
               ReferencedContainer = "container:RoboNexus.xcodeproj">
            </BuildableReference>
         </BuildActionEntry>
      </BuildActionEntries>
   </BuildAction>
   <TestAction
      buildConfiguration = "Debug"
      selectedDebuggerIdentifier = "Xcode.DebuggerFoundation.Debugger.LLDB"
      selectedLauncherIdentifier = "Xcode.DebuggerFoundation.Launcher.LLDB"
      shouldUseLaunchSchemeArgsEnv = "YES">
      <Testables>
         <TestableReference
            skipped = "YES">
            <BuildableReference
               BuildableIdentifier = "primary"
               BlueprintIdentifier = "3DB11E5A299543DC001DDB02"
               BuildableName = "RoboNexusTests.xctest"
               BlueprintName = "RoboNexusTests"
               ReferencedContainer = "container:RoboNexus.xcodeproj">
            </BuildableReference>
         </TestableReference>
      </Testables>
   </TestAction>
   <LaunchAction
      buildConfiguration = "Debug"
      selectedDebuggerIdentifier = "Xcode.DebuggerFoundation.Debugger.LLDB"
      selectedLauncherIdentifier = "Xcode.DebuggerFoundation.Launcher.LLDB"
      launchStyle = "0"
      useCustomWorkingDirectory = "NO"
      ignoresPersistentStateOnLaunch = "NO"
      debugDocumentVersioning = "YES"
      debugServiceExtension = "internal"
      allowLocationSimulation = "YES">
      <BuildableProductRunnable
         runnableDebuggingMode = "0">
         <BuildableReference
            BuildableIdentifier = "primary"
            BlueprintIdentifier = "3DB11E49299543D9001DDB02"
            BuildableName = "RoboNexus.app"
            BlueprintName = "RoboNexus"
            ReferencedContainer = "container:RoboNexus.xcodeproj">
         </BuildableReference>
      </BuildableProductRunnable>
      <CommandLineArguments>
         <CommandLineArgument
            argument = "-com.apple.CoreData.Logging.stderr 0"
            isEnabled = "YES">
         </CommandLineArgument>
      </CommandLineArguments>
      <EnvironmentVariables>
         <EnvironmentVariable
            key = "ROBOTEVENTS_API_KEY"
            value = "eyJ0eXAiOiJKV1QiLCJhbGciOiJSUzI1NiJ9.eyJhdWQiOiIzIiwianRpIjoiMmNmNGEzMzIwYTkxOWJlNmJmZjUwZGVhNWE5MDQ4MTMzNDg1MDNmNmE1YzkwZGEwMzEwZDkzMjRiNmRlMjdmZmQyZDY4NWI1Y2MwOWI4ZTYiLCJpYXQiOjE3NDMwMTg4NTEuNDIzNDM5LCJuYmYiOjE3NDMwMTg4NTEuNDIzNDQwOSwiZXhwIjoyNjg5NzAzNjUxLjQxODU0NjIsInN1YiI6IjQzOTAwIiwic2NvcGVzIjpbXX0.b-L6E6o6x3rfYzjbWIV-s-vdC3n0fKO1qRHqYNv03rahtvQE50iy8efW0x56AeMRb-GQyH1hAFK93YXD5n0siXY7gU-R4uy_9c4bzqdSyrYv07luDAD7n28GxrOeNNO2CcsT9TkVq5CigzYBvBstfPA8MgdGSP8y7OMWOI-lIqFyHEFjplucanReu5XU6OdPL1Ft364feDuR68G_qjXfYLFQd3CpBB0znpjeV6WU2tjkdcIBkdzBrdl0NVAZNBFe8rwLiW7o6-vNEd8dHWCa3q9-BckOwlzou9tL7NbpNR-sLCmm7XhlxoU9p0hEY-eVchgtx5o77WXxgNe0j11LGJTUDd1QEmjbwrImjZcHk28W8rExoQxpX8uCanwAGE296bUDw19P_3Pqg4v51WmT_PqZ77VSKrmxMvMXVlz0r6eELsFmd5gKkVdffoHLjEQ0L4H0Io6rvTSYRyiNN6KQMxdNKdMMUZ8MRzbcrHjYPuASrVNe_ZbF9RFBFgIw63d-fldH121cgZ57rbIFb7Yic9v9OiyFyq9rn5mp11KJxXPakAAs4vxUAhk92s9B6d8fVlk7wxzsnCxILIs7SGldc8yDfod_I6oYdzK9rE71TxIutVJAEd5ScArdJ_DSH81xsTEFltzHANBb7z-dgECDmpzxLo7Vb4KwDRkHqa4aXD8"
            isEnabled = "YES">
         </EnvironmentVariable>
      </EnvironmentVariables>
   </LaunchAction>
   <ProfileAction
      buildConfiguration = "Release"
      shouldUseLaunchSchemeArgsEnv = "YES"
      savedToolIdentifier = ""
      useCustomWorkingDirectory = "NO"
      debugDocumentVersioning = "YES">
      <BuildableProductRunnable
         runnableDebuggingMode = "0">
         <BuildableReference
            BuildableIdentifier = "primary"
            BlueprintIdentifier = "3DB11E49299543D9001DDB02"
            BuildableName = "RoboNexus.app"
            BlueprintName = "RoboNexus"
            ReferencedContainer = "container:RoboNexus.xcodeproj">
         </BuildableReference>
      </BuildableProductRunnable>
   </ProfileAction>
   <AnalyzeAction
      buildConfiguration = "Debug">
   </AnalyzeAction>
   <ArchiveAction
      buildConfiguration = "Release"
      revealArchiveInOrganizer = "YES">
   </ArchiveAction>
</Scheme>
